Microsoft Visual Studio Solution File, Format Version 12.00
# Visual Studio 16
Project("{8BC9CEB8-8B4A-11D0-8D11-00A0C91BC942}") = "ALL_BUILD", "ALL_BUILD.vcxproj", "{E41556B4-D170-3207-90E7-66B71FA1A655}"
	ProjectSection(ProjectDependencies) = postProject
		{E41CE922-E18B-3E0E-BC78-62F379F3F497} = {E41CE922-E18B-3E0E-BC78-62F379F3F497}
		{04B9FA87-EA5F-3048-A0B1-CC4C667B7357} = {04B9FA87-EA5F-3048-A0B1-CC4C667B7357}
		{9AA8235F-8294-3D0A-BF95-284D3B1350D5} = {9AA8235F-8294-3D0A-BF95-284D3B1350D5}
	EndProjectSection
EndProject
Project("{8BC9CEB8-8B4A-11D0-8D11-00A0C91BC942}") = "INSTALL", "INSTALL.vcxproj", "{4E284E40-4E5F-335E-8759-8F38D95F7C85}"
	ProjectSection(ProjectDependencies) = postProject
		{E41556B4-D170-3207-90E7-66B71FA1A655} = {E41556B4-D170-3207-90E7-66B71FA1A655}
		{E41CE922-E18B-3E0E-BC78-62F379F3F497} = {E41CE922-E18B-3E0E-BC78-62F379F3F497}
	EndProjectSection
EndProject
Project("{8BC9CEB8-8B4A-11D0-8D11-00A0C91BC942}") = "RUN_TESTS", "RUN_TESTS.vcxproj", "{29B48AE9-EBBF-3509-8885-2E53E3EE20FA}"
	ProjectSection(ProjectDependencies) = postProject
		{E41CE922-E18B-3E0E-BC78-62F379F3F497} = {E41CE922-E18B-3E0E-BC78-62F379F3F497}
	EndProjectSection
EndProject
Project("{8BC9CEB8-8B4A-11D0-8D11-00A0C91BC942}") = "ZERO_CHECK", "..\\ZERO_CHECK.vcxproj", "{E41CE922-E18B-3E0E-BC78-62F379F3F497}"
	ProjectSection(ProjectDependencies) = postProject
	EndProjectSection
EndProject
Project("{8BC9CEB8-8B4A-11D0-8D11-00A0C91BC942}") = "eigen_blas", "..\blas\eigen_blas.vcxproj", "{5C082855-7046-30CE-B03C-E5B7728E9809}"
	ProjectSection(ProjectDependencies) = postProject
		{E41CE922-E18B-3E0E-BC78-62F379F3F497} = {E41CE922-E18B-3E0E-BC78-62F379F3F497}
	EndProjectSection
EndProject
Project("{8BC9CEB8-8B4A-11D0-8D11-00A0C91BC942}") = "eigen_lapack", "eigen_lapack.vcxproj", "{04B9FA87-EA5F-3048-A0B1-CC4C667B7357}"
	ProjectSection(ProjectDependencies) = postProject
		{E41CE922-E18B-3E0E-BC78-62F379F3F497} = {E41CE922-E18B-3E0E-BC78-62F379F3F497}
		{5C082855-7046-30CE-B03C-E5B7728E9809} = {5C082855-7046-30CE-B03C-E5B7728E9809}
	EndProjectSection
EndProject
Project("{8BC9CEB8-8B4A-11D0-8D11-00A0C91BC942}") = "eigen_lapack_static", "eigen_lapack_static.vcxproj", "{9AA8235F-8294-3D0A-BF95-284D3B1350D5}"
	ProjectSection(ProjectDependencies) = postProject
		{E41CE922-E18B-3E0E-BC78-62F379F3F497} = {E41CE922-E18B-3E0E-BC78-62F379F3F497}
	EndProjectSection
EndProject
Project("{8BC9CEB8-8B4A-11D0-8D11-00A0C91BC942}") = "lapack", "lapack.vcxproj", "{30C4CC07-4B02-3046-9437-FA0EE76C12D1}"
	ProjectSection(ProjectDependencies) = postProject
		{E41CE922-E18B-3E0E-BC78-62F379F3F497} = {E41CE922-E18B-3E0E-BC78-62F379F3F497}
		{04B9FA87-EA5F-3048-A0B1-CC4C667B7357} = {04B9FA87-EA5F-3048-A0B1-CC4C667B7357}
		{9AA8235F-8294-3D0A-BF95-284D3B1350D5} = {9AA8235F-8294-3D0A-BF95-284D3B1350D5}
	EndProjectSection
EndProject
Global
	GlobalSection(SolutionConfigurationPlatforms) = preSolution
		Debug|x64 = Debug|x64
		Release|x64 = Release|x64
		MinSizeRel|x64 = MinSizeRel|x64
		RelWithDebInfo|x64 = RelWithDebInfo|x64
	EndGlobalSection
	GlobalSection(ProjectConfigurationPlatforms) = postSolution
		{E41556B4-D170-3207-90E7-66B71FA1A655}.Debug|x64.ActiveCfg = Debug|x64
		{E41556B4-D170-3207-90E7-66B71FA1A655}.Debug|x64.Build.0 = Debug|x64
		{E41556B4-D170-3207-90E7-66B71FA1A655}.Release|x64.ActiveCfg = Release|x64
		{E41556B4-D170-3207-90E7-66B71FA1A655}.Release|x64.Build.0 = Release|x64
		{E41556B4-D170-3207-90E7-66B71FA1A655}.MinSizeRel|x64.ActiveCfg = MinSizeRel|x64
		{E41556B4-D170-3207-90E7-66B71FA1A655}.MinSizeRel|x64.Build.0 = MinSizeRel|x64
		{E41556B4-D170-3207-90E7-66B71FA1A655}.RelWithDebInfo|x64.ActiveCfg = RelWithDebInfo|x64
		{E41556B4-D170-3207-90E7-66B71FA1A655}.RelWithDebInfo|x64.Build.0 = RelWithDebInfo|x64
		{4E284E40-4E5F-335E-8759-8F38D95F7C85}.Debug|x64.ActiveCfg = Debug|x64
		{4E284E40-4E5F-335E-8759-8F38D95F7C85}.Release|x64.ActiveCfg = Release|x64
		{4E284E40-4E5F-335E-8759-8F38D95F7C85}.MinSizeRel|x64.ActiveCfg = MinSizeRel|x64
		{4E284E40-4E5F-335E-8759-8F38D95F7C85}.RelWithDebInfo|x64.ActiveCfg = RelWithDebInfo|x64
		{29B48AE9-EBBF-3509-8885-2E53E3EE20FA}.Debug|x64.ActiveCfg = Debug|x64
		{29B48AE9-EBBF-3509-8885-2E53E3EE20FA}.Release|x64.ActiveCfg = Release|x64
		{29B48AE9-EBBF-3509-8885-2E53E3EE20FA}.MinSizeRel|x64.ActiveCfg = MinSizeRel|x64
		{29B48AE9-EBBF-3509-8885-2E53E3EE20FA}.RelWithDebInfo|x64.ActiveCfg = RelWithDebInfo|x64
		{E41CE922-E18B-3E0E-BC78-62F379F3F497}.Debug|x64.ActiveCfg = Debug|x64
		{E41CE922-E18B-3E0E-BC78-62F379F3F497}.Debug|x64.Build.0 = Debug|x64
		{E41CE922-E18B-3E0E-BC78-62F379F3F497}.Release|x64.ActiveCfg = Release|x64
		{E41CE922-E18B-3E0E-BC78-62F379F3F497}.Release|x64.Build.0 = Release|x64
		{E41CE922-E18B-3E0E-BC78-62F379F3F497}.MinSizeRel|x64.ActiveCfg = MinSizeRel|x64
		{E41CE922-E18B-3E0E-BC78-62F379F3F497}.MinSizeRel|x64.Build.0 = MinSizeRel|x64
		{E41CE922-E18B-3E0E-BC78-62F379F3F497}.RelWithDebInfo|x64.ActiveCfg = RelWithDebInfo|x64
		{E41CE922-E18B-3E0E-BC78-62F379F3F497}.RelWithDebInfo|x64.Build.0 = RelWithDebInfo|x64
		{5C082855-7046-30CE-B03C-E5B7728E9809}.Debug|x64.ActiveCfg = Debug|x64
		{5C082855-7046-30CE-B03C-E5B7728E9809}.Debug|x64.Build.0 = Debug|x64
		{5C082855-7046-30CE-B03C-E5B7728E9809}.Release|x64.ActiveCfg = Release|x64
		{5C082855-7046-30CE-B03C-E5B7728E9809}.Release|x64.Build.0 = Release|x64
		{5C082855-7046-30CE-B03C-E5B7728E9809}.MinSizeRel|x64.ActiveCfg = MinSizeRel|x64
		{5C082855-7046-30CE-B03C-E5B7728E9809}.MinSizeRel|x64.Build.0 = MinSizeRel|x64
		{5C082855-7046-30CE-B03C-E5B7728E9809}.RelWithDebInfo|x64.ActiveCfg = RelWithDebInfo|x64
		{5C082855-7046-30CE-B03C-E5B7728E9809}.RelWithDebInfo|x64.Build.0 = RelWithDebInfo|x64
		{04B9FA87-EA5F-3048-A0B1-CC4C667B7357}.Debug|x64.ActiveCfg = Debug|x64
		{04B9FA87-EA5F-3048-A0B1-CC4C667B7357}.Debug|x64.Build.0 = Debug|x64
		{04B9FA87-EA5F-3048-A0B1-CC4C667B7357}.Release|x64.ActiveCfg = Release|x64
		{04B9FA87-EA5F-3048-A0B1-CC4C667B7357}.Release|x64.Build.0 = Release|x64
		{04B9FA87-EA5F-3048-A0B1-CC4C667B7357}.MinSizeRel|x64.ActiveCfg = MinSizeRel|x64
		{04B9FA87-EA5F-3048-A0B1-CC4C667B7357}.MinSizeRel|x64.Build.0 = MinSizeRel|x64
		{04B9FA87-EA5F-3048-A0B1-CC4C667B7357}.RelWithDebInfo|x64.ActiveCfg = RelWithDebInfo|x64
		{04B9FA87-EA5F-3048-A0B1-CC4C667B7357}.RelWithDebInfo|x64.Build.0 = RelWithDebInfo|x64
		{9AA8235F-8294-3D0A-BF95-284D3B1350D5}.Debug|x64.ActiveCfg = Debug|x64
		{9AA8235F-8294-3D0A-BF95-284D3B1350D5}.Debug|x64.Build.0 = Debug|x64
		{9AA8235F-8294-3D0A-BF95-284D3B1350D5}.Release|x64.ActiveCfg = Release|x64
		{9AA8235F-8294-3D0A-BF95-284D3B1350D5}.Release|x64.Build.0 = Release|x64
		{9AA8235F-8294-3D0A-BF95-284D3B1350D5}.MinSizeRel|x64.ActiveCfg = MinSizeRel|x64
		{9AA8235F-8294-3D0A-BF95-284D3B1350D5}.MinSizeRel|x64.Build.0 = MinSizeRel|x64
		{9AA8235F-8294-3D0A-BF95-284D3B1350D5}.RelWithDebInfo|x64.ActiveCfg = RelWithDebInfo|x64
		{9AA8235F-8294-3D0A-BF95-284D3B1350D5}.RelWithDebInfo|x64.Build.0 = RelWithDebInfo|x64
		{30C4CC07-4B02-3046-9437-FA0EE76C12D1}.Debug|x64.ActiveCfg = Debug|x64
		{30C4CC07-4B02-3046-9437-FA0EE76C12D1}.Release|x64.ActiveCfg = Release|x64
		{30C4CC07-4B02-3046-9437-FA0EE76C12D1}.MinSizeRel|x64.ActiveCfg = MinSizeRel|x64
		{30C4CC07-4B02-3046-9437-FA0EE76C12D1}.RelWithDebInfo|x64.ActiveCfg = RelWithDebInfo|x64
	EndGlobalSection
	GlobalSection(ExtensibilityGlobals) = postSolution
		SolutionGuid = {15EDC1CA-3460-3709-B464-299FB29A333F}
	EndGlobalSection
	GlobalSection(ExtensibilityAddIns) = postSolution
	EndGlobalSection
EndGlobal
